# This file is autogenerated, do not edit; changes may be undone by the next 'dep ensure'.


[[projects]]
  digest = "1:db78764ccd0698098e746bd1288916950bf875463915672051f1bdfef120e442"
  name = "github.com/fsnotify/fsnotify"
  packages = ["."]
  pruneopts = "UT"
  revision = "466b39d216616549a37ee93c7c47775f6a010790"
  version = "v1.5.1"

[[projects]]
  digest = "1:c0d19ab64b32ce9fe5cf4ddceba78d5bc9807f0016db6b1183599da3dcc24d10"
  name = "github.com/hashicorp/hcl"
  packages = [
    ".",
    "hcl/ast",
    "hcl/parser",
    "hcl/printer",
    "hcl/scanner",
    "hcl/strconv",
    "hcl/token",
    "json/parser",
    "json/scanner",
    "json/token",
  ]
  pruneopts = "UT"
  revision = "8cb6e5b959231cc1119e43259c4a608f9c51a241"
  version = "v1.0.0"

[[projects]]
  digest = "1:870d441fe217b8e689d7949fef6e43efbc787e50f200cb1e70dbca9204a1d6be"
  name = "github.com/inconshreveable/mousetrap"
  packages = ["."]
  pruneopts = "UT"
  revision = "76626ae9c91c4f2a10f34cad8ce83ea42c93bb75"
  version = "v1.0"

[[projects]]
  digest = "1:03d538738f78db8960b276c8cc1b90f53809290831a8daea2ceeaeccccbc585a"
  name = "github.com/magiconair/properties"
  packages = ["."]
  pruneopts = "UT"
  revision = "291b8266af1000c77a12ae6d4dde1145a028012f"
  version = "v1.8.5"

[[projects]]
  digest = "1:5d231480e1c64a726869bc4142d270184c419749d34f167646baa21008eb0a79"
  name = "github.com/mitchellh/go-homedir"
  packages = ["."]
  pruneopts = "UT"
  revision = "af06845cf3004701891bf4fdb884bfe4920b3727"
  version = "v1.1.0"

[[projects]]
  digest = "1:e4a32669ef4a29ab3ca1baec4a1b038827237a38852a2a7180c03618520f95e1"
  name = "github.com/mitchellh/mapstructure"
  packages = ["."]
  pruneopts = "UT"
  revision = "5ac1f6aa4011ece0c4df24a4fe8020a9cc21e393"
  version = "v1.4.2"

[[projects]]
  digest = "1:fc865e52c574a92a628aee6cc4fb6b78f2bd2becf121881a1d6d1cfc6fb86b33"
  name = "github.com/pelletier/go-toml"
  packages = ["."]
  pruneopts = "UT"
  revision = "b8ba995eaaba4be30c8a8090bdfb4aa61af52054"
  version = "v1.9.4"

[[projects]]
  digest = "1:9892d658619bf7f315a58e16a11abfe4aa26cca56d45441e8cc2bb25d4641b89"
  name = "github.com/spf13/afero"
  packages = [
    ".",
    "mem",
  ]
  pruneopts = "UT"
  revision = "bc94f58beda5dbff6f74599fcb1f1717c5b1c111"
  version = "v1.6.0"

[[projects]]
  digest = "1:df641e58f425436baeeb55d7a65a18f6a109591cd485a9b90d974a8fe4340eb4"
  name = "github.com/spf13/cast"
  packages = ["."]
  pruneopts = "UT"
  revision = "88075729b052bca4b8b6c31bf198db2fe6c9da93"
  version = "v1.4.1"

[[projects]]
  digest = "1:c47071fd13fde457ef5b046df61d539fc5cb67aceb85cad35995c96e8c5f2326"
  name = "github.com/spf13/cobra"
  packages = ["."]
  pruneopts = "UT"
  revision = "de187e874d1ca382320088f8f6d76333408e5c2e"
  version = "v1.2.1"

[[projects]]
  digest = "1:1b753ec16506f5864d26a28b43703c58831255059644351bbcb019b843950900"
  name = "github.com/spf13/jwalterweatherman"
  packages = ["."]
  pruneopts = "UT"
  revision = "94f6ae3ed3bceceafa716478c5fbf8d29ca601a1"
  version = "v1.1.0"

[[projects]]
  digest = "1:524b71991fc7d9246cc7dc2d9e0886ccb97648091c63e30eef619e6862c955dd"
  name = "github.com/spf13/pflag"
  packages = ["."]
  pruneopts = "UT"
  revision = "2e9d26c8c37aae03e3f9d4e90b7116f5accb7cab"
  version = "v1.0.5"

[[projects]]
  digest = "1:6dce9efe1b9ac8961cefc8563aa9eab11fd707bbe57af711e73a01d9eaa6aa33"
  name = "github.com/spf13/viper"
  packages = [
    ".",
    "internal/encoding",
    "internal/encoding/hcl",
    "internal/encoding/json",
    "internal/encoding/toml",
    "internal/encoding/yaml",
  ]
  pruneopts = "UT"
  revision = "b1fdc47b0d05b6af898a3d50aefd62c5825a17fe"
  version = "v1.9.0"

[[projects]]
  digest = "1:f4b32291cad5efac2bfdba89ccde6aa04618b62ce06c1a571da2dc4f3f2677fb"
  name = "github.com/subosito/gotenv"
  packages = ["."]
  pruneopts = "UT"
  revision = "2ef7124db659d49edac6aa459693a15ae36c671a"
  version = "v1.2.0"

[[projects]]
  branch = "master"
  digest = "1:949138107ded752a872d745b605c779ce547ce2ebb854ad5d4827171b48ceb20"
  name = "golang.org/x/sys"
  packages = [
    "internal/unsafeheader",
    "unix",
  ]
  pruneopts = "UT"
  revision = "6e7872819dc85c039df9bda7e7c628bb19e85d0e"

[[projects]]
  digest = "1:f9333a716b0a022325ffa8831397bb719dff2283ad9a82d898d92dcd50781be2"
  name = "golang.org/x/text"
  packages = [
    "internal/gen",
    "internal/triegen",
    "internal/ucd",
    "transform",
    "unicode/cldr",
    "unicode/norm",
  ]
  pruneopts = "UT"
  revision = "383b2e75a7a4198c42f8f87833eefb772868a56f"
  version = "v0.3.7"

[[projects]]
  digest = "1:42fdc4327bab71c897722ab83568b43be68cfdd253c776e8c4b972f6c3bcd520"
  name = "gopkg.in/ini.v1"
  packages = ["."]
  pruneopts = "UT"
  revision = "14e9811b1643cf01ea36277e44dffef4f119fa31"
  version = "v1.63.2"

[[projects]]
  digest = "1:5054a1f394226de9e6ddc47b0ba77e35092a4112f4a1cd9cb94aba1f5bdc3ec6"
  name = "gopkg.in/yaml.v2"
  packages = ["."]
  pruneopts = "UT"
  revision = "7649d4548cb53a614db133b2a8ac1f31859dda8c"
  version = "v2.4.0"

[solve-meta]
  analyzer-name = "dep"
  analyzer-version = 1
  input-imports = [
    "github.com/mitchellh/go-homedir",
    "github.com/spf13/cobra",
    "github.com/spf13/viper",
  ]
  solver-name = "gps-cdcl"
  solver-version = 1
